
Microsoft Visual Studio Solution File, Format Version 12.00
# Visual Studio 15
VisualStudioVersion = 15.0.28307.106
MinimumVisualStudioVersion = 10.0.40219.1
Project("{FAE04EC0-301F-11D3-BF4B-00C04F79EFBC}") = "MobileHW2.Android", "MobileHW2\MobileHW2.Android\MobileHW2.Android.csproj", "{979D2ED4-AB22-456C-B0C7-E9E13D12362D}"
EndProject
Project("{FAE04EC0-301F-11D3-BF4B-00C04F79EFBC}") = "MobileHW2.iOS", "MobileHW2\MobileHW2.iOS\MobileHW2.iOS.csproj", "{F9D62EB8-6A15-4B78-921C-1EEB96092BB8}"
EndProject
Project("{FAE04EC0-301F-11D3-BF4B-00C04F79EFBC}") = "MobileHW2", "MobileHW2\MobileHW2\MobileHW2.csproj", "{C6D1B096-5807-41D9-B539-08FB0C511B05}"
EndProject
Global
	GlobalSection(SolutionConfigurationPlatforms) = preSolution
		Ad-Hoc|Any CPU = Ad-Hoc|Any CPU
		Ad-Hoc|iPhone = Ad-Hoc|iPhone
		Ad-Hoc|iPhoneSimulator = Ad-Hoc|iPhoneSimulator
		AppStore|Any CPU = AppStore|Any CPU
		AppStore|iPhone = AppStore|iPhone
		AppStore|iPhoneSimulator = AppStore|iPhoneSimulator
		Debug|Any CPU = Debug|Any CPU
		Debug|iPhone = Debug|iPhone
		Debug|iPhoneSimulator = Debug|iPhoneSimulator
		Release|Any CPU = Release|Any CPU
		Release|iPhone = Release|iPhone
		Release|iPhoneSimulator = Release|iPhoneSimulator
	EndGlobalSection
	GlobalSection(ProjectConfigurationPlatforms) = postSolution
		{979D2ED4-AB22-456C-B0C7-E9E13D12362D}.Ad-Hoc|Any CPU.ActiveCfg = Release|Any CPU
		{979D2ED4-AB22-456C-B0C7-E9E13D12362D}.Ad-Hoc|Any CPU.Build.0 = Release|Any CPU
		{979D2ED4-AB22-456C-B0C7-E9E13D12362D}.Ad-Hoc|Any CPU.Deploy.0 = Release|Any CPU
		{979D2ED4-AB22-456C-B0C7-E9E13D12362D}.Ad-Hoc|iPhone.ActiveCfg = Release|Any CPU
		{979D2ED4-AB22-456C-B0C7-E9E13D12362D}.Ad-Hoc|iPhone.Build.0 = Release|Any CPU
		{979D2ED4-AB22-456C-B0C7-E9E13D12362D}.Ad-Hoc|iPhone.Deploy.0 = Release|Any CPU
		{979D2ED4-AB22-456C-B0C7-E9E13D12362D}.Ad-Hoc|iPhoneSimulator.ActiveCfg = Release|Any CPU
		{979D2ED4-AB22-456C-B0C7-E9E13D12362D}.Ad-Hoc|iPhoneSimulator.Build.0 = Release|Any CPU
		{979D2ED4-AB22-456C-B0C7-E9E13D12362D}.Ad-Hoc|iPhoneSimulator.Deploy.0 = Release|Any CPU
		{979D2ED4-AB22-456C-B0C7-E9E13D12362D}.AppStore|Any CPU.ActiveCfg = Release|Any CPU
		{979D2ED4-AB22-456C-B0C7-E9E13D12362D}.AppStore|Any CPU.Build.0 = Release|Any CPU
		{979D2ED4-AB22-456C-B0C7-E9E13D12362D}.AppStore|Any CPU.Deploy.0 = Release|Any CPU
		{979D2ED4-AB22-456C-B0C7-E9E13D12362D}.AppStore|iPhone.ActiveCfg = Release|Any CPU
		{979D2ED4-AB22-456C-B0C7-E9E13D12362D}.AppStore|iPhone.Build.0 = Release|Any CPU
		{979D2ED4-AB22-456C-B0C7-E9E13D12362D}.AppStore|iPhone.Deploy.0 = Release|Any CPU
		{979D2ED4-AB22-456C-B0C7-E9E13D12362D}.AppStore|iPhoneSimulator.ActiveCfg = Release|Any CPU
		{979D2ED4-AB22-456C-B0C7-E9E13D12362D}.AppStore|iPhoneSimulator.Build.0 = Release|Any CPU
		{979D2ED4-AB22-456C-B0C7-E9E13D12362D}.AppStore|iPhoneSimulator.Deploy.0 = Release|Any CPU
		{979D2ED4-AB22-456C-B0C7-E9E13D12362D}.Debug|Any CPU.ActiveCfg = Debug|Any CPU
		{979D2ED4-AB22-456C-B0C7-E9E13D12362D}.Debug|Any CPU.Build.0 = Debug|Any CPU
		{979D2ED4-AB22-456C-B0C7-E9E13D12362D}.Debug|Any CPU.Deploy.0 = Debug|Any CPU
		{979D2ED4-AB22-456C-B0C7-E9E13D12362D}.Debug|iPhone.ActiveCfg = Debug|Any CPU
		{979D2ED4-AB22-456C-B0C7-E9E13D12362D}.Debug|iPhone.Build.0 = Debug|Any CPU
		{979D2ED4-AB22-456C-B0C7-E9E13D12362D}.Debug|iPhone.Deploy.0 = Debug|Any CPU
		{979D2ED4-AB22-456C-B0C7-E9E13D12362D}.Debug|iPhoneSimulator.ActiveCfg = Debug|Any CPU
		{979D2ED4-AB22-456C-B0C7-E9E13D12362D}.Debug|iPhoneSimulator.Build.0 = Debug|Any CPU
		{979D2ED4-AB22-456C-B0C7-E9E13D12362D}.Debug|iPhoneSimulator.Deploy.0 = Debug|Any CPU
		{979D2ED4-AB22-456C-B0C7-E9E13D12362D}.Release|Any CPU.ActiveCfg = Release|Any CPU
		{979D2ED4-AB22-456C-B0C7-E9E13D12362D}.Release|Any CPU.Build.0 = Release|Any CPU
		{979D2ED4-AB22-456C-B0C7-E9E13D12362D}.Release|Any CPU.Deploy.0 = Release|Any CPU
		{979D2ED4-AB22-456C-B0C7-E9E13D12362D}.Release|iPhone.ActiveCfg = Release|Any CPU
		{979D2ED4-AB22-456C-B0C7-E9E13D12362D}.Release|iPhone.Build.0 = Release|Any CPU
		{979D2ED4-AB22-456C-B0C7-E9E13D12362D}.Release|iPhone.Deploy.0 = Release|Any CPU
		{979D2ED4-AB22-456C-B0C7-E9E13D12362D}.Release|iPhoneSimulator.ActiveCfg = Release|Any CPU
		{979D2ED4-AB22-456C-B0C7-E9E13D12362D}.Release|iPhoneSimulator.Build.0 = Release|Any CPU
		{979D2ED4-AB22-456C-B0C7-E9E13D12362D}.Release|iPhoneSimulator.Deploy.0 = Release|Any CPU
		{F9D62EB8-6A15-4B78-921C-1EEB96092BB8}.Ad-Hoc|Any CPU.ActiveCfg = Ad-Hoc|iPhone
		{F9D62EB8-6A15-4B78-921C-1EEB96092BB8}.Ad-Hoc|Any CPU.Build.0 = Ad-Hoc|iPhone
		{F9D62EB8-6A15-4B78-921C-1EEB96092BB8}.Ad-Hoc|Any CPU.Deploy.0 = Ad-Hoc|iPhone
		{F9D62EB8-6A15-4B78-921C-1EEB96092BB8}.Ad-Hoc|iPhone.ActiveCfg = Ad-Hoc|iPhone
		{F9D62EB8-6A15-4B78-921C-1EEB96092BB8}.Ad-Hoc|iPhone.Build.0 = Ad-Hoc|iPhone
		{F9D62EB8-6A15-4B78-921C-1EEB96092BB8}.Ad-Hoc|iPhone.Deploy.0 = Ad-Hoc|iPhone
		{F9D62EB8-6A15-4B78-921C-1EEB96092BB8}.Ad-Hoc|iPhoneSimulator.ActiveCfg = Ad-Hoc|iPhoneSimulator
		{F9D62EB8-6A15-4B78-921C-1EEB96092BB8}.Ad-Hoc|iPhoneSimulator.Build.0 = Ad-Hoc|iPhoneSimulator
		{F9D62EB8-6A15-4B78-921C-1EEB96092BB8}.Ad-Hoc|iPhoneSimulator.Deploy.0 = Ad-Hoc|iPhoneSimulator
		{F9D62EB8-6A15-4B78-921C-1EEB96092BB8}.AppStore|Any CPU.ActiveCfg = AppStore|iPhone
		{F9D62EB8-6A15-4B78-921C-1EEB96092BB8}.AppStore|Any CPU.Build.0 = AppStore|iPhone
		{F9D62EB8-6A15-4B78-921C-1EEB96092BB8}.AppStore|Any CPU.Deploy.0 = AppStore|iPhone
		{F9D62EB8-6A15-4B78-921C-1EEB96092BB8}.AppStore|iPhone.ActiveCfg = AppStore|iPhone
		{F9D62EB8-6A15-4B78-921C-1EEB96092BB8}.AppStore|iPhone.Build.0 = AppStore|iPhone
		{F9D62EB8-6A15-4B78-921C-1EEB96092BB8}.AppStore|iPhone.Deploy.0 = AppStore|iPhone
		{F9D62EB8-6A15-4B78-921C-1EEB96092BB8}.AppStore|iPhoneSimulator.ActiveCfg = AppStore|iPhoneSimulator
		{F9D62EB8-6A15-4B78-921C-1EEB96092BB8}.AppStore|iPhoneSimulator.Build.0 = AppStore|iPhoneSimulator
		{F9D62EB8-6A15-4B78-921C-1EEB96092BB8}.AppStore|iPhoneSimulator.Deploy.0 = AppStore|iPhoneSimulator
		{F9D62EB8-6A15-4B78-921C-1EEB96092BB8}.Debug|Any CPU.ActiveCfg = Debug|iPhoneSimulator
		{F9D62EB8-6A15-4B78-921C-1EEB96092BB8}.Debug|Any CPU.Build.0 = Debug|iPhoneSimulator
		{F9D62EB8-6A15-4B78-921C-1EEB96092BB8}.Debug|Any CPU.Deploy.0 = Debug|iPhoneSimulator
		{F9D62EB8-6A15-4B78-921C-1EEB96092BB8}.Debug|iPhone.ActiveCfg = Debug|iPhone
		{F9D62EB8-6A15-4B78-921C-1EEB96092BB8}.Debug|iPhone.Build.0 = Debug|iPhone
		{F9D62EB8-6A15-4B78-921C-1EEB96092BB8}.Debug|iPhone.Deploy.0 = Debug|iPhone
		{F9D62EB8-6A15-4B78-921C-1EEB96092BB8}.Debug|iPhoneSimulator.ActiveCfg = Debug|iPhoneSimulator
		{F9D62EB8-6A15-4B78-921C-1EEB96092BB8}.Debug|iPhoneSimulator.Build.0 = Debug|iPhoneSimulator
		{F9D62EB8-6A15-4B78-921C-1EEB96092BB8}.Debug|iPhoneSimulator.Deploy.0 = Debug|iPhoneSimulator
		{F9D62EB8-6A15-4B78-921C-1EEB96092BB8}.Release|Any CPU.ActiveCfg = Release|iPhone
		{F9D62EB8-6A15-4B78-921C-1EEB96092BB8}.Release|Any CPU.Build.0 = Release|iPhone
		{F9D62EB8-6A15-4B78-921C-1EEB96092BB8}.Release|Any CPU.Deploy.0 = Release|iPhone
		{F9D62EB8-6A15-4B78-921C-1EEB96092BB8}.Release|iPhone.ActiveCfg = Release|iPhone
		{F9D62EB8-6A15-4B78-921C-1EEB96092BB8}.Release|iPhone.Build.0 = Release|iPhone
		{F9D62EB8-6A15-4B78-921C-1EEB96092BB8}.Release|iPhone.Deploy.0 = Release|iPhone
		{F9D62EB8-6A15-4B78-921C-1EEB96092BB8}.Release|iPhoneSimulator.ActiveCfg = Release|iPhoneSimulator
		{F9D62EB8-6A15-4B78-921C-1EEB96092BB8}.Release|iPhoneSimulator.Build.0 = Release|iPhoneSimulator
		{F9D62EB8-6A15-4B78-921C-1EEB96092BB8}.Release|iPhoneSimulator.Deploy.0 = Release|iPhoneSimulator
		{C6D1B096-5807-41D9-B539-08FB0C511B05}.Ad-Hoc|Any CPU.ActiveCfg = Debug|Any CPU
		{C6D1B096-5807-41D9-B539-08FB0C511B05}.Ad-Hoc|Any CPU.Build.0 = Debug|Any CPU
		{C6D1B096-5807-41D9-B539-08FB0C511B05}.Ad-Hoc|Any CPU.Deploy.0 = Debug|Any CPU
		{C6D1B096-5807-41D9-B539-08FB0C511B05}.Ad-Hoc|iPhone.ActiveCfg = Debug|Any CPU
		{C6D1B096-5807-41D9-B539-08FB0C511B05}.Ad-Hoc|iPhone.Build.0 = Debug|Any CPU
		{C6D1B096-5807-41D9-B539-08FB0C511B05}.Ad-Hoc|iPhone.Deploy.0 = Debug|Any CPU
		{C6D1B096-5807-41D9-B539-08FB0C511B05}.Ad-Hoc|iPhoneSimulator.ActiveCfg = Debug|Any CPU
		{C6D1B096-5807-41D9-B539-08FB0C511B05}.Ad-Hoc|iPhoneSimulator.Build.0 = Debug|Any CPU
		{C6D1B096-5807-41D9-B539-08FB0C511B05}.Ad-Hoc|iPhoneSimulator.Deploy.0 = Debug|Any CPU
		{C6D1B096-5807-41D9-B539-08FB0C511B05}.AppStore|Any CPU.ActiveCfg = Debug|Any CPU
		{C6D1B096-5807-41D9-B539-08FB0C511B05}.AppStore|Any CPU.Build.0 = Debug|Any CPU
		{C6D1B096-5807-41D9-B539-08FB0C511B05}.AppStore|Any CPU.Deploy.0 = Debug|Any CPU
		{C6D1B096-5807-41D9-B539-08FB0C511B05}.AppStore|iPhone.ActiveCfg = Debug|Any CPU
		{C6D1B096-5807-41D9-B539-08FB0C511B05}.AppStore|iPhone.Build.0 = Debug|Any CPU
		{C6D1B096-5807-41D9-B539-08FB0C511B05}.AppStore|iPhone.Deploy.0 = Debug|Any CPU
		{C6D1B096-5807-41D9-B539-08FB0C511B05}.AppStore|iPhoneSimulator.ActiveCfg = Debug|Any CPU
		{C6D1B096-5807-41D9-B539-08FB0C511B05}.AppStore|iPhoneSimulator.Build.0 = Debug|Any CPU
		{C6D1B096-5807-41D9-B539-08FB0C511B05}.AppStore|iPhoneSimulator.Deploy.0 = Debug|Any CPU
		{C6D1B096-5807-41D9-B539-08FB0C511B05}.Debug|Any CPU.ActiveCfg = Debug|Any CPU
		{C6D1B096-5807-41D9-B539-08FB0C511B05}.Debug|Any CPU.Build.0 = Debug|Any CPU
		{C6D1B096-5807-41D9-B539-08FB0C511B05}.Debug|Any CPU.Deploy.0 = Debug|Any CPU
		{C6D1B096-5807-41D9-B539-08FB0C511B05}.Debug|iPhone.ActiveCfg = Debug|Any CPU
		{C6D1B096-5807-41D9-B539-08FB0C511B05}.Debug|iPhone.Build.0 = Debug|Any CPU
		{C6D1B096-5807-41D9-B539-08FB0C511B05}.Debug|iPhone.Deploy.0 = Debug|Any CPU
		{C6D1B096-5807-41D9-B539-08FB0C511B05}.Debug|iPhoneSimulator.ActiveCfg = Debug|Any CPU
		{C6D1B096-5807-41D9-B539-08FB0C511B05}.Debug|iPhoneSimulator.Build.0 = Debug|Any CPU
		{C6D1B096-5807-41D9-B539-08FB0C511B05}.Debug|iPhoneSimulator.Deploy.0 = Debug|Any CPU
		{C6D1B096-5807-41D9-B539-08FB0C511B05}.Release|Any CPU.ActiveCfg = Release|Any CPU
		{C6D1B096-5807-41D9-B539-08FB0C511B05}.Release|Any CPU.Build.0 = Release|Any CPU
		{C6D1B096-5807-41D9-B539-08FB0C511B05}.Release|Any CPU.Deploy.0 = Release|Any CPU
		{C6D1B096-5807-41D9-B539-08FB0C511B05}.Release|iPhone.ActiveCfg = Release|Any CPU
		{C6D1B096-5807-41D9-B539-08FB0C511B05}.Release|iPhone.Build.0 = Release|Any CPU
		{C6D1B096-5807-41D9-B539-08FB0C511B05}.Release|iPhone.Deploy.0 = Release|Any CPU
		{C6D1B096-5807-41D9-B539-08FB0C511B05}.Release|iPhoneSimulator.ActiveCfg = Release|Any CPU
		{C6D1B096-5807-41D9-B539-08FB0C511B05}.Release|iPhoneSimulator.Build.0 = Release|Any CPU
		{C6D1B096-5807-41D9-B539-08FB0C511B05}.Release|iPhoneSimulator.Deploy.0 = Release|Any CPU
	EndGlobalSection
	GlobalSection(SolutionProperties) = preSolution
		HideSolutionNode = FALSE
	EndGlobalSection
	GlobalSection(ExtensibilityGlobals) = postSolution
		SolutionGuid = {29C0A541-8F8F-411C-826B-A797D909E6A6}
	EndGlobalSection
EndGlobal
